// !$*UTF8*$!
{
	archiveVersion = 1;
	classes = {
	};
	objectVersion = 56;
	objects = {

/* Begin PBXBuildFile section */
		AE6F33E22C10C6FB00FE76AE /* AppDelegate.swift in Sources */ = {isa = PBXBuildFile; fileRef = AE6F33E12C10C6FB00FE76AE /* AppDelegate.swift */; };
		AE6F33E42C10C6FB00FE76AE /* SceneDelegate.swift in Sources */ = {isa = PBXBuildFile; fileRef = AE6F33E32C10C6FB00FE76AE /* SceneDelegate.swift */; };
		AE6F33E62C10C6FB00FE76AE /* ViewController.swift in Sources */ = {isa = PBXBuildFile; fileRef = AE6F33E52C10C6FB00FE76AE /* ViewController.swift */; };
		AE6F33EB2C10C6FD00FE76AE /* Assets.xcassets in Resources */ = {isa = PBXBuildFile; fileRef = AE6F33EA2C10C6FD00FE76AE /* Assets.xcassets */; };
		AE6F33EE2C10C6FD00FE76AE /* LaunchScreen.storyboard in Resources */ = {isa = PBXBuildFile; fileRef = AE6F33EC2C10C6FD00FE76AE /* LaunchScreen.storyboard */; };
		AE6F33F82C10CCFC00FE76AE /* Coordinator.swift in Sources */ = {isa = PBXBuildFile; fileRef = AE6F33F72C10CCFC00FE76AE /* Coordinator.swift */; };
		AE6F33FA2C10CD5200FE76AE /* MainCoordinator.swift in Sources */ = {isa = PBXBuildFile; fileRef = AE6F33F92C10CD5200FE76AE /* MainCoordinator.swift */; };
		AE6F34012C10CE9D00FE76AE /* CharactersViewController.swift in Sources */ = {isa = PBXBuildFile; fileRef = AE6F34002C10CE9D00FE76AE /* CharactersViewController.swift */; };
		AE6F34042C10CF5E00FE76AE /* CharactersCoordinator.swift in Sources */ = {isa = PBXBuildFile; fileRef = AE6F34032C10CF5E00FE76AE /* CharactersCoordinator.swift */; };
		AE6F34062C10D3CA00FE76AE /* ComicsViewController.swift in Sources */ = {isa = PBXBuildFile; fileRef = AE6F34052C10D3CA00FE76AE /* ComicsViewController.swift */; };
		AE6F34092C10D3F500FE76AE /* ComicsCoordinator.swift in Sources */ = {isa = PBXBuildFile; fileRef = AE6F34082C10D3F500FE76AE /* ComicsCoordinator.swift */; };
		AE6F340B2C10D57800FE76AE /* SettingsCoordinator.swift in Sources */ = {isa = PBXBuildFile; fileRef = AE6F340A2C10D57800FE76AE /* SettingsCoordinator.swift */; };
		AE6F340D2C10D5B200FE76AE /* SettingsViewController.swift in Sources */ = {isa = PBXBuildFile; fileRef = AE6F340C2C10D5B200FE76AE /* SettingsViewController.swift */; };
/* End PBXBuildFile section */

/* Begin PBXFileReference section */
		AE6F33DE2C10C6FB00FE76AE /* Marvel.app */ = {isa = PBXFileReference; explicitFileType = wrapper.application; includeInIndex = 0; path = Marvel.app; sourceTree = BUILT_PRODUCTS_DIR; };
		AE6F33E12C10C6FB00FE76AE /* AppDelegate.swift */ = {isa = PBXFileReference; lastKnownFileType = sourcecode.swift; path = AppDelegate.swift; sourceTree = "<group>"; };
		AE6F33E32C10C6FB00FE76AE /* SceneDelegate.swift */ = {isa = PBXFileReference; lastKnownFileType = sourcecode.swift; path = SceneDelegate.swift; sourceTree = "<group>"; };
		AE6F33E52C10C6FB00FE76AE /* ViewController.swift */ = {isa = PBXFileReference; lastKnownFileType = sourcecode.swift; path = ViewController.swift; sourceTree = "<group>"; };
		AE6F33EA2C10C6FD00FE76AE /* Assets.xcassets */ = {isa = PBXFileReference; lastKnownFileType = folder.assetcatalog; path = Assets.xcassets; sourceTree = "<group>"; };
		AE6F33ED2C10C6FD00FE76AE /* Base */ = {isa = PBXFileReference; lastKnownFileType = file.storyboard; name = Base; path = Base.lproj/LaunchScreen.storyboard; sourceTree = "<group>"; };
		AE6F33EF2C10C6FD00FE76AE /* Info.plist */ = {isa = PBXFileReference; lastKnownFileType = text.plist.xml; path = Info.plist; sourceTree = "<group>"; };
		AE6F33F72C10CCFC00FE76AE /* Coordinator.swift */ = {isa = PBXFileReference; lastKnownFileType = sourcecode.swift; path = Coordinator.swift; sourceTree = "<group>"; };
		AE6F33F92C10CD5200FE76AE /* MainCoordinator.swift */ = {isa = PBXFileReference; lastKnownFileType = sourcecode.swift; path = MainCoordinator.swift; sourceTree = "<group>"; };
		AE6F34002C10CE9D00FE76AE /* CharactersViewController.swift */ = {isa = PBXFileReference; lastKnownFileType = sourcecode.swift; path = CharactersViewController.swift; sourceTree = "<group>"; };
		AE6F34032C10CF5E00FE76AE /* CharactersCoordinator.swift */ = {isa = PBXFileReference; lastKnownFileType = sourcecode.swift; path = CharactersCoordinator.swift; sourceTree = "<group>"; };
		AE6F34052C10D3CA00FE76AE /* ComicsViewController.swift */ = {isa = PBXFileReference; lastKnownFileType = sourcecode.swift; path = ComicsViewController.swift; sourceTree = "<group>"; };
		AE6F34082C10D3F500FE76AE /* ComicsCoordinator.swift */ = {isa = PBXFileReference; lastKnownFileType = sourcecode.swift; path = ComicsCoordinator.swift; sourceTree = "<group>"; };
		AE6F340A2C10D57800FE76AE /* SettingsCoordinator.swift */ = {isa = PBXFileReference; lastKnownFileType = sourcecode.swift; path = SettingsCoordinator.swift; sourceTree = "<group>"; };
		AE6F340C2C10D5B200FE76AE /* SettingsViewController.swift */ = {isa = PBXFileReference; lastKnownFileType = sourcecode.swift; path = SettingsViewController.swift; sourceTree = "<group>"; };
/* End PBXFileReference section */

/* Begin PBXFrameworksBuildPhase section */
		AE6F33DB2C10C6FB00FE76AE /* Frameworks */ = {
			isa = PBXFrameworksBuildPhase;
			buildActionMask = 2147483647;
			files = (
			);
			runOnlyForDeploymentPostprocessing = 0;
		};
/* End PBXFrameworksBuildPhase section */

/* Begin PBXGroup section */
		AE6F33D52C10C6FB00FE76AE = {
			isa = PBXGroup;
			children = (
				AE6F33E02C10C6FB00FE76AE /* Marvel */,
				AE6F33DF2C10C6FB00FE76AE /* Products */,
			);
			sourceTree = "<group>";
		};
		AE6F33DF2C10C6FB00FE76AE /* Products */ = {
			isa = PBXGroup;
			children = (
				AE6F33DE2C10C6FB00FE76AE /* Marvel.app */,
			);
			name = Products;
			sourceTree = "<group>";
		};
		AE6F33E02C10C6FB00FE76AE /* Marvel */ = {
			isa = PBXGroup;
			children = (
				AE6F33FD2C10CE6A00FE76AE /* View */,
				AE6F33FC2C10CE6500FE76AE /* Model */,
				AE6F33FB2C10CE5F00FE76AE /* Presenter */,
				AE6F33F52C10CCDF00FE76AE /* Coordinator */,
				AE6F33E12C10C6FB00FE76AE /* AppDelegate.swift */,
				AE6F33E32C10C6FB00FE76AE /* SceneDelegate.swift */,
				AE6F33E52C10C6FB00FE76AE /* ViewController.swift */,
				AE6F33EA2C10C6FD00FE76AE /* Assets.xcassets */,
				AE6F33EC2C10C6FD00FE76AE /* LaunchScreen.storyboard */,
				AE6F33EF2C10C6FD00FE76AE /* Info.plist */,
			);
			path = Marvel;
			sourceTree = "<group>";
		};
		AE6F33F52C10CCDF00FE76AE /* Coordinator */ = {
			isa = PBXGroup;
			children = (
				AE6F34022C10CECE00FE76AE /* Core */,
				AE6F34032C10CF5E00FE76AE /* CharactersCoordinator.swift */,
				AE6F34082C10D3F500FE76AE /* ComicsCoordinator.swift */,
				AE6F340A2C10D57800FE76AE /* SettingsCoordinator.swift */,
			);
			path = Coordinator;
			sourceTree = "<group>";
		};
		AE6F33FB2C10CE5F00FE76AE /* Presenter */ = {
			isa = PBXGroup;
			children = (
			);
			path = Presenter;
			sourceTree = "<group>";
		};
		AE6F33FC2C10CE6500FE76AE /* Model */ = {
			isa = PBXGroup;
			children = (
			);
			path = Model;
			sourceTree = "<group>";
		};
		AE6F33FD2C10CE6A00FE76AE /* View */ = {
			isa = PBXGroup;
			children = (
				AE6F33FF2C10CE8200FE76AE /* Views */,
				AE6F33FE2C10CE7600FE76AE /* ViewControllers */,
			);
			path = View;
			sourceTree = "<group>";
		};
		AE6F33FE2C10CE7600FE76AE /* ViewControllers */ = {
			isa = PBXGroup;
			children = (
				AE6F34002C10CE9D00FE76AE /* CharactersViewController.swift */,
				AE6F34052C10D3CA00FE76AE /* ComicsViewController.swift */,
				AE6F340C2C10D5B200FE76AE /* SettingsViewController.swift */,
			);
			path = ViewControllers;
			sourceTree = "<group>";
		};
		AE6F33FF2C10CE8200FE76AE /* Views */ = {
			isa = PBXGroup;
			children = (
			);
			path = Views;
			sourceTree = "<group>";
		};
		AE6F34022C10CECE00FE76AE /* Core */ = {
			isa = PBXGroup;
			children = (
				AE6F33F72C10CCFC00FE76AE /* Coordinator.swift */,
				AE6F33F92C10CD5200FE76AE /* MainCoordinator.swift */,
			);
			path = Core;
			sourceTree = "<group>";
		};
/* End PBXGroup section */

/* Begin PBXNativeTarget section */
		AE6F33DD2C10C6FB00FE76AE /* Marvel */ = {
			isa = PBXNativeTarget;
			buildConfigurationList = AE6F33F22C10C6FD00FE76AE /* Build configuration list for PBXNativeTarget "Marvel" */;
			buildPhases = (
				AE6F33DA2C10C6FB00FE76AE /* Sources */,
				AE6F33DB2C10C6FB00FE76AE /* Frameworks */,
				AE6F33DC2C10C6FB00FE76AE /* Resources */,
			);
			buildRules = (
			);
			dependencies = (
			);
			name = Marvel;
			productName = Marvel;
			productReference = AE6F33DE2C10C6FB00FE76AE /* Marvel.app */;
			productType = "com.apple.product-type.application";
		};
/* End PBXNativeTarget section */

/* Begin PBXProject section */
		AE6F33D62C10C6FB00FE76AE /* Project object */ = {
			isa = PBXProject;
			attributes = {
				BuildIndependentTargetsInParallel = 1;
				LastSwiftUpdateCheck = 1500;
				LastUpgradeCheck = 1500;
				TargetAttributes = {
					AE6F33DD2C10C6FB00FE76AE = {
						CreatedOnToolsVersion = 15.0.1;
					};
				};
			};
			buildConfigurationList = AE6F33D92C10C6FB00FE76AE /* Build configuration list for PBXProject "Marvel" */;
			compatibilityVersion = "Xcode 14.0";
			developmentRegion = en;
			hasScannedForEncodings = 0;
			knownRegions = (
				en,
				Base,
			);
			mainGroup = AE6F33D52C10C6FB00FE76AE;
			productRefGroup = AE6F33DF2C10C6FB00FE76AE /* Products */;
			projectDirPath = "";
			projectRoot = "";
			targets = (
				AE6F33DD2C10C6FB00FE76AE /* Marvel */,
			);
		};
/* End PBXProject section */

/* Begin PBXResourcesBuildPhase section */
		AE6F33DC2C10C6FB00FE76AE /* Resources */ = {
			isa = PBXResourcesBuildPhase;
			buildActionMask = 2147483647;
			files = (
				AE6F33EE2C10C6FD00FE76AE /* LaunchScreen.storyboard in Resources */,
				AE6F33EB2C10C6FD00FE76AE /* Assets.xcassets in Resources */,
			);
			runOnlyForDeploymentPostprocessing = 0;
		};
/* End PBXResourcesBuildPhase section */

/* Begin PBXSourcesBuildPhase section */
		AE6F33DA2C10C6FB00FE76AE /* Sources */ = {
			isa = PBXSourcesBuildPhase;
			buildActionMask = 2147483647;
			files = (
				AE6F33F82C10CCFC00FE76AE /* Coordinator.swift in Sources */,
				AE6F33E62C10C6FB00FE76AE /* ViewController.swift in Sources */,
				AE6F340D2C10D5B200FE76AE /* SettingsViewController.swift in Sources */,
				AE6F34062C10D3CA00FE76AE /* ComicsViewController.swift in Sources */,
				AE6F34012C10CE9D00FE76AE /* CharactersViewController.swift in Sources */,
				AE6F33E22C10C6FB00FE76AE /* AppDelegate.swift in Sources */,
				AE6F340B2C10D57800FE76AE /* SettingsCoordinator.swift in Sources */,
				AE6F33FA2C10CD5200FE76AE /* MainCoordinator.swift in Sources */,
				AE6F34092C10D3F500FE76AE /* ComicsCoordinator.swift in Sources */,
				AE6F33E42C10C6FB00FE76AE /* SceneDelegate.swift in Sources */,
				AE6F34042C10CF5E00FE76AE /* CharactersCoordinator.swift in Sources */,
			);
			runOnlyForDeploymentPostprocessing = 0;
		};
/* End PBXSourcesBuildPhase section */

/* Begin PBXVariantGroup section */
		AE6F33EC2C10C6FD00FE76AE /* LaunchScreen.storyboard */ = {
			isa = PBXVariantGroup;
			children = (
				AE6F33ED2C10C6FD00FE76AE /* Base */,
			);
			name = LaunchScreen.storyboard;
			sourceTree = "<group>";
		};
/* End PBXVariantGroup section */

/* Begin XCBuildConfiguration section */
		AE6F33F02C10C6FD00FE76AE /* Debug */ = {
			isa = XCBuildConfiguration;
			buildSettings = {
				ALWAYS_SEARCH_USER_PATHS = NO;
				ASSETCATALOG_COMPILER_GENERATE_SWIFT_ASSET_SYMBOL_EXTENSIONS = YES;
				CLANG_ANALYZER_NONNULL = YES;
				CLANG_ANALYZER_NUMBER_OBJECT_CONVERSION = YES_AGGRESSIVE;
				CLANG_CXX_LANGUAGE_STANDARD = "gnu++20";
				CLANG_ENABLE_MODULES = YES;
				CLANG_ENABLE_OBJC_ARC = YES;
				CLANG_ENABLE_OBJC_WEAK = YES;
				CLANG_WARN_BLOCK_CAPTURE_AUTORELEASING = YES;
				CLANG_WARN_BOOL_CONVERSION = YES;
				CLANG_WARN_COMMA = YES;
				CLANG_WARN_CONSTANT_CONVERSION = YES;
				CLANG_WARN_DEPRECATED_OBJC_IMPLEMENTATIONS = YES;
				CLANG_WARN_DIRECT_OBJC_ISA_USAGE = YES_ERROR;
				CLANG_WARN_DOCUMENTATION_COMMENTS = YES;
				CLANG_WARN_EMPTY_BODY = YES;
				CLANG_WARN_ENUM_CONVERSION = YES;
				CLANG_WARN_INFINITE_RECURSION = YES;
				CLANG_WARN_INT_CONVERSION = YES;
				CLANG_WARN_NON_LITERAL_NULL_CONVERSION = YES;
				CLANG_WARN_OBJC_IMPLICIT_RETAIN_SELF = YES;
				CLANG_WARN_OBJC_LITERAL_CONVERSION = YES;
				CLANG_WARN_OBJC_ROOT_CLASS = YES_ERROR;
				CLANG_WARN_QUOTED_INCLUDE_IN_FRAMEWORK_HEADER = YES;
				CLANG_WARN_RANGE_LOOP_ANALYSIS = YES;
				CLANG_WARN_STRICT_PROTOTYPES = YES;
				CLANG_WARN_SUSPICIOUS_MOVE = YES;
				CLANG_WARN_UNGUARDED_AVAILABILITY = YES_AGGRESSIVE;
				CLANG_WARN_UNREACHABLE_CODE = YES;
				CLANG_WARN__DUPLICATE_METHOD_MATCH = YES;
				COPY_PHASE_STRIP = NO;
				DEBUG_INFORMATION_FORMAT = dwarf;
				ENABLE_STRICT_OBJC_MSGSEND = YES;
				ENABLE_TESTABILITY = YES;
				ENABLE_USER_SCRIPT_SANDBOXING = YES;
				GCC_C_LANGUAGE_STANDARD = gnu17;
				GCC_DYNAMIC_NO_PIC = NO;
				GCC_NO_COMMON_BLOCKS = YES;
				GCC_OPTIMIZATION_LEVEL = 0;
				GCC_PREPROCESSOR_DEFINITIONS = (
					"DEBUG=1",
					"$(inherited)",
				);
				GCC_WARN_64_TO_32_BIT_CONVERSION = YES;
				GCC_WARN_ABOUT_RETURN_TYPE = YES_ERROR;
				GCC_WARN_UNDECLARED_SELECTOR = YES;
				GCC_WARN_UNINITIALIZED_AUTOS = YES_AGGRESSIVE;
				GCC_WARN_UNUSED_FUNCTION = YES;
				GCC_WARN_UNUSED_VARIABLE = YES;
				IPHONEOS_DEPLOYMENT_TARGET = 17.0;
				LOCALIZATION_PREFERS_STRING_CATALOGS = YES;
				MTL_ENABLE_DEBUG_INFO = INCLUDE_SOURCE;
				MTL_FAST_MATH = YES;
				ONLY_ACTIVE_ARCH = YES;
				SDKROOT = iphoneos;
				SWIFT_ACTIVE_COMPILATION_CONDITIONS = "DEBUG $(inherited)";
				SWIFT_OPTIMIZATION_LEVEL = "-Onone";
			};
			name = Debug;
		};
		AE6F33F12C10C6FD00FE76AE /* Release */ = {
			isa = XCBuildConfiguration;
			buildSettings = {
				ALWAYS_SEARCH_USER_PATHS = NO;
				ASSETCATALOG_COMPILER_GENERATE_SWIFT_ASSET_SYMBOL_EXTENSIONS = YES;
				CLANG_ANALYZER_NONNULL = YES;
				CLANG_ANALYZER_NUMBER_OBJECT_CONVERSION = YES_AGGRESSIVE;
				CLANG_CXX_LANGUAGE_STANDARD = "gnu++20";
				CLANG_ENABLE_MODULES = YES;
				CLANG_ENABLE_OBJC_ARC = YES;
				CLANG_ENABLE_OBJC_WEAK = YES;
				CLANG_WARN_BLOCK_CAPTURE_AUTORELEASING = YES;
				CLANG_WARN_BOOL_CONVERSION = YES;
				CLANG_WARN_COMMA = YES;
				CLANG_WARN_CONSTANT_CONVERSION = YES;
				CLANG_WARN_DEPRECATED_OBJC_IMPLEMENTATIONS = YES;
				CLANG_WARN_DIRECT_OBJC_ISA_USAGE = YES_ERROR;
				CLANG_WARN_DOCUMENTATION_COMMENTS = YES;
				CLANG_WARN_EMPTY_BODY = YES;
				CLANG_WARN_ENUM_CONVERSION = YES;
				CLANG_WARN_INFINITE_RECURSION = YES;
				CLANG_WARN_INT_CONVERSION = YES;
				CLANG_WARN_NON_LITERAL_NULL_CONVERSION = YES;
				CLANG_WARN_OBJC_IMPLICIT_RETAIN_SELF = YES;
				CLANG_WARN_OBJC_LITERAL_CONVERSION = YES;
				CLANG_WARN_OBJC_ROOT_CLASS = YES_ERROR;
				CLANG_WARN_QUOTED_INCLUDE_IN_FRAMEWORK_HEADER = YES;
				CLANG_WARN_RANGE_LOOP_ANALYSIS = YES;
				CLANG_WARN_STRICT_PROTOTYPES = YES;
				CLANG_WARN_SUSPICIOUS_MOVE = YES;
				CLANG_WARN_UNGUARDED_AVAILABILITY = YES_AGGRESSIVE;
				CLANG_WARN_UNREACHABLE_CODE = YES;
				CLANG_WARN__DUPLICATE_METHOD_MATCH = YES;
				COPY_PHASE_STRIP = NO;
				DEBUG_INFORMATION_FORMAT = "dwarf-with-dsym";
				ENABLE_NS_ASSERTIONS = NO;
				ENABLE_STRICT_OBJC_MSGSEND = YES;
				ENABLE_USER_SCRIPT_SANDBOXING = YES;
				GCC_C_LANGUAGE_STANDARD = gnu17;
				GCC_NO_COMMON_BLOCKS = YES;
				GCC_WARN_64_TO_32_BIT_CONVERSION = YES;
				GCC_WARN_ABOUT_RETURN_TYPE = YES_ERROR;
				GCC_WARN_UNDECLARED_SELECTOR = YES;
				GCC_WARN_UNINITIALIZED_AUTOS = YES_AGGRESSIVE;
				GCC_WARN_UNUSED_FUNCTION = YES;
				GCC_WARN_UNUSED_VARIABLE = YES;
				IPHONEOS_DEPLOYMENT_TARGET = 17.0;
				LOCALIZATION_PREFERS_STRING_CATALOGS = YES;
				MTL_ENABLE_DEBUG_INFO = NO;
				MTL_FAST_MATH = YES;
				SDKROOT = iphoneos;
				SWIFT_COMPILATION_MODE = wholemodule;
				VALIDATE_PRODUCT = YES;
			};
			name = Release;
		};
		AE6F33F32C10C6FD00FE76AE /* Debug */ = {
			isa = XCBuildConfiguration;
			buildSettings = {
				ASSETCATALOG_COMPILER_APPICON_NAME = AppIcon;
				ASSETCATALOG_COMPILER_GLOBAL_ACCENT_COLOR_NAME = AccentColor;
				CODE_SIGN_STYLE = Automatic;
				CURRENT_PROJECT_VERSION = 1;
				DEVELOPMENT_TEAM = LTW453RPC3;
				GENERATE_INFOPLIST_FILE = YES;
				INFOPLIST_FILE = Marvel/Info.plist;
				INFOPLIST_KEY_UIApplicationSupportsIndirectInputEvents = YES;
				INFOPLIST_KEY_UILaunchStoryboardName = LaunchScreen;
				INFOPLIST_KEY_UISupportedInterfaceOrientations_iPad = "UIInterfaceOrientationPortrait UIInterfaceOrientationPortraitUpsideDown UIInterfaceOrientationLandscapeLeft UIInterfaceOrientationLandscapeRight";
				INFOPLIST_KEY_UISupportedInterfaceOrientations_iPhone = "UIInterfaceOrientationPortrait UIInterfaceOrientationLandscapeLeft UIInterfaceOrientationLandscapeRight";
				LD_RUNPATH_SEARCH_PATHS = (
					"$(inherited)",
					"@executable_path/Frameworks",
				);
				MARKETING_VERSION = 1.0;
				PRODUCT_BUNDLE_IDENTIFIER = com.yernar.Marvel;
				PRODUCT_NAME = "$(TARGET_NAME)";
				SWIFT_EMIT_LOC_STRINGS = YES;
				SWIFT_VERSION = 5.0;
				TARGETED_DEVICE_FAMILY = "1,2";
			};
			name = Debug;
		};
		AE6F33F42C10C6FD00FE76AE /* Release */ = {
			isa = XCBuildConfiguration;
			buildSettings = {
				ASSETCATALOG_COMPILER_APPICON_NAME = AppIcon;
				ASSETCATALOG_COMPILER_GLOBAL_ACCENT_COLOR_NAME = AccentColor;
				CODE_SIGN_STYLE = Automatic;
				CURRENT_PROJECT_VERSION = 1;
				DEVELOPMENT_TEAM = LTW453RPC3;
				GENERATE_INFOPLIST_FILE = YES;
				INFOPLIST_FILE = Marvel/Info.plist;
				INFOPLIST_KEY_UIApplicationSupportsIndirectInputEvents = YES;
				INFOPLIST_KEY_UILaunchStoryboardName = LaunchScreen;
				INFOPLIST_KEY_UISupportedInterfaceOrientations_iPad = "UIInterfaceOrientationPortrait UIInterfaceOrientationPortraitUpsideDown UIInterfaceOrientationLandscapeLeft UIInterfaceOrientationLandscapeRight";
				INFOPLIST_KEY_UISupportedInterfaceOrientations_iPhone = "UIInterfaceOrientationPortrait UIInterfaceOrientationLandscapeLeft UIInterfaceOrientationLandscapeRight";
				LD_RUNPATH_SEARCH_PATHS = (
					"$(inherited)",
					"@executable_path/Frameworks",
				);
				MARKETING_VERSION = 1.0;
				PRODUCT_BUNDLE_IDENTIFIER = com.yernar.Marvel;
				PRODUCT_NAME = "$(TARGET_NAME)";
				SWIFT_EMIT_LOC_STRINGS = YES;
				SWIFT_VERSION = 5.0;
				TARGETED_DEVICE_FAMILY = "1,2";
			};
			name = Release;
		};
/* End XCBuildConfiguration section */

/* Begin XCConfigurationList section */
		AE6F33D92C10C6FB00FE76AE /* Build configuration list for PBXProject "Marvel" */ = {
			isa = XCConfigurationList;
			buildConfigurations = (
				AE6F33F02C10C6FD00FE76AE /* Debug */,
				AE6F33F12C10C6FD00FE76AE /* Release */,
			);
			defaultConfigurationIsVisible = 0;
			defaultConfigurationName = Release;
		};
		AE6F33F22C10C6FD00FE76AE /* Build configuration list for PBXNativeTarget "Marvel" */ = {
			isa = XCConfigurationList;
			buildConfigurations = (
				AE6F33F32C10C6FD00FE76AE /* Debug */,
				AE6F33F42C10C6FD00FE76AE /* Release */,
			);
			defaultConfigurationIsVisible = 0;
			defaultConfigurationName = Release;
		};
/* End XCConfigurationList section */
	};
	rootObject = AE6F33D62C10C6FB00FE76AE /* Project object */;
}
